
Microsoft Visual Studio Solution File, Format Version 12.00
# Visual Studio Version 16
VisualStudioVersion = 16.0.29613.14
MinimumVisualStudioVersion = 10.0.40219.1
Project("{9A19103F-16F7-4668-BE54-9A1E7A4F7556}") = "ManagementWebHost", "ManagementWebHost\ManagementWebHost.csproj", "{07151A58-99C8-45BC-B858-B7872AEA0741}"
EndProject
Project("{FAE04EC0-301F-11D3-BF4B-00C04F79EFBC}") = "Framework", "Framework\Framework.csproj", "{D6CE9625-8940-4FD4-8F42-E75F6FB5871B}"
EndProject
Project("{FAE04EC0-301F-11D3-BF4B-00C04F79EFBC}") = "Modules", "Modules\Modules.csproj", "{92B231A5-CA18-4063-8E41-5191A52F0C84}"
EndProject
Project("{2150E333-8FDC-42A3-9474-1A3956D46DE8}") = "Libs", "Libs", "{1BEB8504-450B-47CA-8EB4-5EC4471B1F01}"
EndProject
Global
	GlobalSection(SolutionConfigurationPlatforms) = preSolution
		Debug|Any CPU = Debug|Any CPU
		Release|Any CPU = Release|Any CPU
	EndGlobalSection
	GlobalSection(ProjectConfigurationPlatforms) = postSolution
		{07151A58-99C8-45BC-B858-B7872AEA0741}.Debug|Any CPU.ActiveCfg = Debug|Any CPU
		{07151A58-99C8-45BC-B858-B7872AEA0741}.Debug|Any CPU.Build.0 = Debug|Any CPU
		{07151A58-99C8-45BC-B858-B7872AEA0741}.Release|Any CPU.ActiveCfg = Release|Any CPU
		{07151A58-99C8-45BC-B858-B7872AEA0741}.Release|Any CPU.Build.0 = Release|Any CPU
		{D6CE9625-8940-4FD4-8F42-E75F6FB5871B}.Debug|Any CPU.ActiveCfg = Debug|Any CPU
		{D6CE9625-8940-4FD4-8F42-E75F6FB5871B}.Debug|Any CPU.Build.0 = Debug|Any CPU
		{D6CE9625-8940-4FD4-8F42-E75F6FB5871B}.Release|Any CPU.ActiveCfg = Release|Any CPU
		{D6CE9625-8940-4FD4-8F42-E75F6FB5871B}.Release|Any CPU.Build.0 = Release|Any CPU
		{92B231A5-CA18-4063-8E41-5191A52F0C84}.Debug|Any CPU.ActiveCfg = Debug|Any CPU
		{92B231A5-CA18-4063-8E41-5191A52F0C84}.Debug|Any CPU.Build.0 = Debug|Any CPU
		{92B231A5-CA18-4063-8E41-5191A52F0C84}.Release|Any CPU.ActiveCfg = Release|Any CPU
		{92B231A5-CA18-4063-8E41-5191A52F0C84}.Release|Any CPU.Build.0 = Release|Any CPU
	EndGlobalSection
	GlobalSection(SolutionProperties) = preSolution
		HideSolutionNode = FALSE
	EndGlobalSection
	GlobalSection(NestedProjects) = preSolution
		{D6CE9625-8940-4FD4-8F42-E75F6FB5871B} = {1BEB8504-450B-47CA-8EB4-5EC4471B1F01}
		{92B231A5-CA18-4063-8E41-5191A52F0C84} = {1BEB8504-450B-47CA-8EB4-5EC4471B1F01}
	EndGlobalSection
	GlobalSection(ExtensibilityGlobals) = postSolution
		SolutionGuid = {23FD300C-8987-49BB-B8F3-DC3A6C6D84C0}
	EndGlobalSection
EndGlobal
